{
  "name": "till-check",
  "version": "0.2.1",
  "lockfileVersion": 3,
  "requires": true,
  "packages": {
    "": {
      "name": "till-check",
      "version": "0.2.1",
      "dependencies": {
        "@sentry/browser": "10.74.0",
        "@sentry/node": "10.74.0",
        "@zeus/observability": "file:./vendor/zeus-observability-0.1.6.tgz"
      },
      "devDependencies": {
        "@sentry/cli": "2.58.6",
        "esbuild": "0.28.2",
        "playwright": "1.62.1"
      },
      "engines": {
        "node": ">=22.16"
      }
    },
    "node_modules/@esbuild/aix-ppc64": {
      "version": "0.28.2",
      "resolved": "https://registry.npmjs.org/@esbuild/aix-ppc64/-/aix-ppc64-0.28.2.tgz",
      "integrity": "sha512-XExcO+dvLKvVtNTibSTBej1NCAbaGhWn9Ww1ZPx80qsahhPFe/8jgWP0IchNe0F3HwkU7n8ejhH8bjonqht8mQ==",
      "cpu": [
        "ppc64"
      ],
      "dev": true,
      "license": "MIT",
      "optional": true,
      "os": [
        "aix"
      ],
      "engines": {
        "node": ">=18"
      }
    },
    "node_modules/@esbuild/android-arm": {
      "version": "0.28.2",
      "resolved": "https://registry.npmjs.org/@esbuild/android-arm/-/android-arm-0.28.2.tgz",
      "integrity": "sha512-kXXoiPVVGQcnIYGOeaovwOURpniDBpSq4A03qkQ+BMQqtGG6HYap3xne9C1O1yo4TR3qxlCX5IqqmX6fFo2Lqg==",
      "cpu": [
        "arm"
      ],
      "dev": true,
      "license": "MIT",
      "optional": true,
      "os": [
        "android"
      ],
      "engines": {
        "node": ">=18"
      }
    },
    "node_modules/@esbuild/android-arm64": {
      "version": "0.28.2",
      "resolved": "https://registry.npmjs.org/@esbuild/android-arm64/-/android-arm64-0.28.2.tgz",
      "integrity": "sha512-5YfKeeI8qWfBZIX+u2xZC3Zlb3Os/gLS2sbEKM+I4ZOcsWmHS2WLysCcQZDAFRslDUU5Oiq44gf6PYN1vGwG5A==",
      "cpu": [
        "arm64"
      ],
      "dev": true,
      "license": "MIT",
      "optional": true,
      "os": [
        "android"
      ],
      "engines": {
        "node": ">=18"
      }
    },
    "node_modules/@esbuild/android-x64": {
      "version": "0.28.2",
      "resolved": "https://registry.npmjs.org/@esbuild/android-x64/-/android-x64-0.28.2.tgz",
      "integrity": "sha512-O387ite7SzUyCcy3JQX4P4bLtEA7bLLkx+esve5JHnyYfNTxcVpXZo9jhdB0lTKN44gztELTdU7nS8Nr16Fs1Q==",
      "cpu": [
        "x64"
      ],
      "dev": true,
      "license": "MIT",
      "optional": true,
      "os": [
        "android"
      ],
      "engines": {
        "node": ">=18"
      }
    },
    "node_modules/@esbuild/darwin-arm64": {
      "version": "0.28.2",
      "resolved": "https://registry.npmjs.org/@esbuild/darwin-arm64/-/darwin-arm64-0.28.2.tgz",
      "integrity": "sha512-n4KqkOQrraxHJcgjM1RvwbigfQKIKJVpM7xp+KsxiyUSrRdIXnt73VhrPAx0fV44hgfmIVKjxMN9J1t5jySVkw==",
      "cpu": [
        "arm64"
      ],
      "dev": true,
      "license": "MIT",
      "optional": true,
      "os": [
        "darwin"
      ],
      "engines": {
        "node": ">=18"
      }
    },
    "node_modules/@esbuild/darwin-x64": {
      "version": "0.28.2",
      "resolved": "https://registry.npmjs.org/@esbuild/darwin-x64/-/darwin-x64-0.28.2.tgz",
      "integrity": "sha512-uq6suIWYP37qzGddBKPw5QEQPi6HiLGsO7UmkpfyaYNQ3D+rN6w6WfwH+nuqcGXWvawGwxOEroO4YGnFh95azw==",
      "cpu": [
        "x64"
      ],
      "dev": true,
      "license": "MIT",
      "optional": true,
      "os": [
        "darwin"
      ],
      "engines": {
        "node": ">=18"
      }
    },
    "node_modules/@esbuild/freebsd-arm64": {
      "version": "0.28.2",
      "resolved": "https://registry.npmjs.org/@esbuild/freebsd-arm64/-/freebsd-arm64-0.28.2.tgz",
      "integrity": "sha512-n+I0BTSRIoy+d6RPKnEVwql5UwBJolytvY4mAOIEJorKlqgPII8ix6slVVrfZ5Tnj7glIZvloylbB/EJPMWEXw==",
      "cpu": [
        "arm64"
      ],
      "dev": true,
      "license": "MIT",
      "optional": true,
      "os": [
        "freebsd"
      ],
      "engines": {
        "node": ">=18"
      }
    },
    "node_modules/@esbuild/freebsd-x64": {
      "version": "0.28.2",
      "resolved": "https://registry.npmjs.org/@esbuild/freebsd-x64/-/freebsd-x64-0.28.2.tgz",
      "integrity": "sha512-78XJTJkvPs0kz2w61301PJjXl4g7q3JqiYMZ/M/yVI73EHBrCRTgkhu9oqG7vPqq+a/yadEW8aD+agKlk5xrmg==",
      "cpu": [
        "x64"
      ],
      "dev": true,
      "license": "MIT",
      "optional": true,
      "os": [
        "freebsd"
      ],
      "engines": {
        "node": ">=18"
      }
    },
    "node_modules/@esbuild/linux-arm": {
      "version": "0.28.2",
      "resolved": "https://registry.npmjs.org/@esbuild/linux-arm/-/linux-arm-0.28.2.tgz",
      "integrity": "sha512-XlDnu2q5yoqems+xay6wSAcg9DDD7K9RLKZEBOMZm3ckNpJBvOX20tSfby8KfrrhINDyv9V2YVZKY/SpoGJI8w==",
      "cpu": [
        "arm"
      ],
      "dev": true,
      "license": "MIT",
      "optional": true,
      "os": [
        "linux"
      ],
      "engines": {
        "node": ">=18"
      }
    },
    "node_modules/@esbuild/linux-arm64": {
      "version": "0.28.2",
      "resolved": "https://registry.npmjs.org/@esbuild/linux-arm64/-/linux-arm64-0.28.2.tgz",
      "integrity": "sha512-pW4AC0P3it8c7do9MVM4p51FzHzdM/TZrerurgRcHJ2WTa1VQ1CIq18xncfpBJw4ojkiZZrKW2yIBWBP92j6Ug==",
      "cpu": [
        "arm64"
      ],
      "dev": true,
      "license": "MIT",
      "optional": true,
      "os": [
        "linux"
      ],
      "engines": {
        "node": ">=18"
      }
    },
    "node_modules/@esbuild/linux-ia32": {
      "version": "0.28.2",
      "resolved": "https://registry.npmjs.org/@esbuild/linux-ia32/-/linux-ia32-0.28.2.tgz",
      "integrity": "sha512-CYbnj78HsIeA+DhgUKgFCfvNsTHFhMMrinUrMZpDXJXKN8T3XViTZ/+wtHeVxEWY8ewSzTFN+nRmSwO2tZaLUQ==",
      "cpu": [
        "ia32"
      ],
      "dev": true,
      "license": "MIT",
      "optional": true,
      "os": [
        "linux"
      ],
      "engines": {
        "node": ">=18"
      }
    },
    "node_modules/@esbuild/linux-loong64": {
      "version": "0.28.2",
      "resolved": "https://registry.npmjs.org/@esbuild/linux-loong64/-/linux-loong64-0.28.2.tgz",
      "integrity": "sha512-buwkd8nsph4R+ajRvw0qM5Hja/TXQow3ptzWO2EbG/cqcIkHloRrdlBtQlshyYGTNFvfkfJ5tpPLVkY4DtsPfQ==",
      "cpu": [
        "loong64"
      ],
      "dev": true,
      "license": "MIT",
      "optional": true,
      "os": [
        "linux"
      ],
      "engines": {
        "node": ">=18"
      }
    },
    "node_modules/@esbuild/linux-mips64el": {
      "version": "0.28.2",
      "resolved": "https://registry.npmjs.org/@esbuild/linux-mips64el/-/linux-mips64el-0.28.2.tgz",
      "integrity": "sha512-ZVykbDyk7519VwiNb9Lcj9m8XM6v5V9uKPvrEMkkEedVewf+0itkhahp4HDpgERXhwLRpWFypsGbG/J8s0QjJA==",
      "cpu": [
        "mips64el"
      ],
      "dev": true,
      "license": "MIT",
      "optional": true,
      "os": [
        "linux"
      ],
      "engines": {
        "node": ">=18"
      }
    },
    "node_modules/@esbuild/linux-ppc64": {
      "version": "0.28.2",
      "resolved": "https://registry.npmjs.org/@esbuild/linux-ppc64/-/linux-ppc64-0.28.2.tgz",
      "integrity": "sha512-CAXl+Dtd9UUuJd8pKKdwh6MLm3MUMiqMPmhZ3tTSXPqfyQ3vDl6R5hZdZ/kYojK4ofXtdfSv1tFq8XzWx3heNQ==",
      "cpu": [
        "ppc64"
      ],
      "dev": true,
      "license": "MIT",
      "optional": true,
      "os": [
        "linux"
      ],
      "engines": {
        "node": ">=18"
      }
    },
    "node_modules/@esbuild/linux-riscv64": {
      "version": "0.28.2",
      "resolved": "https://registry.npmjs.org/@esbuild/linux-riscv64/-/linux-riscv64-0.28.2.tgz",
      "integrity": "sha512-GeXCej4IQtU1B+QlDV8W/RRvbzI3O/Stss+/bCXv4lZls5WGRtu2a+3JkA3i4qIUlMXpcHebWpF8AkJhATowuA==",
      "cpu": [
        "riscv64"
      ],
      "dev": true,
      "license": "MIT",
      "optional": true,
      "os": [
        "linux"
      ],
      "engines": {
        "node": ">=18"
      }
    },
    "node_modules/@esbuild/linux-s390x": {
      "version": "0.28.2",
      "resolved": "https://registry.npmjs.org/@esbuild/linux-s390x/-/linux-s390x-0.28.2.tgz",
      "integrity": "sha512-3H1weTYZPxt/WOhByszQZybS9w5lKzUn1FDMsgEChbHWQwHYQQRfBxgCcZvPhjHfKyJjIievvMmEUawJrdY9Dg==",
      "cpu": [
        "s390x"
      ],
      "dev": true,
      "license": "MIT",
      "optional": true,
      "os": [
        "linux"
      ],
      "engines": {
        "node": ">=18"
      }
    },
    "node_modules/@esbuild/linux-x64": {
      "version": "0.28.2",
      "resolved": "https://registry.npmjs.org/@esbuild/linux-x64/-/linux-x64-0.28.2.tgz",
      "integrity": "sha512-4xTZr1FUmSoQW4XIWmit3tzQrUTZM+N3P0XV8xROKYF50XfI7xeO90+1bZvNwxIufQ9hDQVRJH5YhgPVF8A/HQ==",
      "cpu": [
        "x64"
      ],
      "dev": true,
      "license": "MIT",
      "optional": true,
      "os": [
        "linux"
      ],
      "engines": {
        "node": ">=18"
      }
    },
    "node_modules/@esbuild/netbsd-arm64": {
      "version": "0.28.2",
      "resolved": "https://registry.npmjs.org/@esbuild/netbsd-arm64/-/netbsd-arm64-0.28.2.tgz",
      "integrity": "sha512-sSATRjPeDBg3pdgHoQfoYBob11Kk1FGa9lui5RIHZCoCkJa9QKlvl3/vKz2usCmYYjs7ymJR/2Nnsqe+Hjt5nw==",
      "cpu": [
        "arm64"
      ],
      "dev": true,
      "license": "MIT",
      "optional": true,
      "os": [
        "netbsd"
      ],
      "engines": {
        "node": ">=18"
      }
    },
    "node_modules/@esbuild/netbsd-x64": {
      "version": "0.28.2",
      "resolved": "https://registry.npmjs.org/@esbuild/netbsd-x64/-/netbsd-x64-0.28.2.tgz",
      "integrity": "sha512-lqnzCV+mM0gIADaKihiCg6ifgfU2L3h5E33rNQBN1Y4MaVGnzryzmvvf7UHxprpQdE8hpqLolJ9Rl+SkIRDpyw==",
      "cpu": [
        "x64"
      ],
      "dev": true,
      "license": "MIT",
      "optional": true,
      "os": [
        "netbsd"
      ],
      "engines": {
        "node": ">=18"
      }
    },
    "node_modules/@esbuild/openbsd-arm64": {
      "version": "0.28.2",
      "resolved": "https://registry.npmjs.org/@esbuild/openbsd-arm64/-/openbsd-arm64-0.28.2.tgz",
      "integrity": "sha512-AL2qJILH7lNjrDmCQDvdxMfAUIv8KMNZOvrwAQ8i8//ntL9FflhOyMJ8OZSMBb8/AWXe3/5v5S20y3zCoZWKoQ==",
      "cpu": [
        "arm64"
      ],
      "dev": true,
      "license": "MIT",
      "optional": true,
      "os": [
        "openbsd"
      ],
      "engines": {
        "node": ">=18"
      }
    },
    "node_modules/@esbuild/openbsd-x64": {
      "version": "0.28.2",
      "resolved": "https://registry.npmjs.org/@esbuild/openbsd-x64/-/openbsd-x64-0.28.2.tgz",
      "integrity": "sha512-QtiuPytchRyC4rwUKhexJdQKvDuZ6hWloi3igqPQNUJCS1/v9EiO3UTOXR6A3FoMo4fnAKbWJdqaIwhOzh8qEw==",
      "cpu": [
        "x64"
      ],
      "dev": true,
      "license": "MIT",
      "optional": true,
      "os": [
        "openbsd"
      ],
      "engines": {
        "node": ">=18"
      }
    },
    "node_modules/@esbuild/openharmony-arm64": {
      "version": "0.28.2",
      "resolved": "https://registry.npmjs.org/@esbuild/openharmony-arm64/-/openharmony-arm64-0.28.2.tgz",
      "integrity": "sha512-WkhYDmpTjLvGlScA1rwjRUmhl4k8oXR3cIbtqWmELgU/dFeHHlEllxDvdWcNJV9rbzCexB5vz8gtNewWLgCT7Q==",
      "cpu": [
        "arm64"
      ],
      "dev": true,
      "license": "MIT",
      "optional": true,
      "os": [
        "openharmony"
      ],
      "engines": {
        "node": ">=18"
      }
    },
    "node_modules/@esbuild/sunos-x64": {
      "version": "0.28.2",
      "resolved": "https://registry.npmjs.org/@esbuild/sunos-x64/-/sunos-x64-0.28.2.tgz",
      "integrity": "sha512-GPMSkTOtMnv2U2F8gxe4Io6qmVs+YKyp832Etqqxr0hFngmXQ3rzwytelm3GIn7T4VviRUlf3sOgBOiTdvaf7g==",
      "cpu": [
        "x64"
      ],
      "dev": true,
      "license": "MIT",
      "optional": true,
      "os": [
        "sunos"
      ],
      "engines": {
        "node": ">=18"
      }
    },
    "node_modules/@esbuild/win32-arm64": {
      "version": "0.28.2",
      "resolved": "https://registry.npmjs.org/@esbuild/win32-arm64/-/win32-arm64-0.28.2.tgz",
      "integrity": "sha512-PIhhEkE9uPBleRBrQEJpUn7MBnibZzbGzYWPmY3x+YoVg/95zbjB4CxPPOQ8l5tYYM4mMaCthF8/1DIfBQQyWQ==",
      "cpu": [
        "arm64"
      ],
      "dev": true,
      "license": "MIT",
      "optional": true,
      "os": [
        "win32"
      ],
      "engines": {
        "node": ">=18"
      }
    },
    "node_modules/@esbuild/win32-ia32": {
      "version": "0.28.2",
      "resolved": "https://registry.npmjs.org/@esbuild/win32-ia32/-/win32-ia32-0.28.2.tgz",
      "integrity": "sha512-YmJbfTlvU7Sdn9BB+4PRES4oB6pxgS37MAONj+hBr/cpXS1aBPKXxNnDbu+QCWPj0o9dgyxeq79g6c5P8KeuYA==",
      "cpu": [
        "ia32"
      ],
      "dev": true,
      "license": "MIT",
      "optional": true,
      "os": [
        "win32"
      ],
      "engines": {
        "node": ">=18"
      }
    },
    "node_modules/@esbuild/win32-x64": {
      "version": "0.28.2",
      "resolved": "https://registry.npmjs.org/@esbuild/win32-x64/-/win32-x64-0.28.2.tgz",
      "integrity": "sha512-5ebpxr3nWMzrL/rnUI755Jkuee0bHL/Gq0WTF9lvcpv73wAp5eu8MfBUgWK9bhWvZjj7yX8etf/8tI8Ney695g==",
      "cpu": [
        "x64"
      ],
      "dev": true,
      "license": "MIT",
      "optional": true,
      "os": [
        "win32"
      ],
      "engines": {
        "node": ">=18"
      }
    },
    "node_modules/@opentelemetry/api": {
      "version": "1.9.1",
      "resolved": "https://registry.npmjs.org/@opentelemetry/api/-/api-1.9.1.tgz",
      "integrity": "sha512-gLyJlPHPZYdAk1JENA9LeHejZe1Ti77/pTeFm/nMXmQH/HFZlcS/O2XJB+L8fkbrNSqhdtlvjBVjxwUYanNH5Q==",
      "license": "Apache-2.0",
      "engines": {
        "node": ">=8.0.0"
      }
    },
    "node_modules/@opentelemetry/api-logs": {
      "version": "0.220.0",
      "resolved": "https://registry.npmjs.org/@opentelemetry/api-logs/-/api-logs-0.220.0.tgz",
      "integrity": "sha512-CmVa4ImJ+ynfrPMNaAXHET6Bhb44SwzmfyVJFq9ni2jgXJR/l7C6gfVFddNmHP+ZOkP9cf4f9DBe68qVLTHc9w==",
      "license": "Apache-2.0",
      "dependencies": {
        "@opentelemetry/api": "^1.3.0"
      },
      "engines": {
        "node": ">=8.0.0"
      }
    },
    "node_modules/@opentelemetry/core": {
      "version": "2.11.0",
      "resolved": "https://registry.npmjs.org/@opentelemetry/core/-/core-2.11.0.tgz",
      "integrity": "sha512-7YP44XH0tV6+Mb54x2YGf84i7yi+31MBZlE8JwvozkxyTvXbSp10X7cI7YE49ChJ3shMJoBmCJF3+1QFBJctGA==",
      "license": "Apache-2.0",
      "dependencies": {
        "@opentelemetry/semantic-conventions": "^1.29.0"
      },
      "engines": {
        "node": "^18.19.0 || >=20.6.0"
      },
      "peerDependencies": {
        "@opentelemetry/api": ">=1.0.0 <1.10.0"
      }
    },
    "node_modules/@opentelemetry/instrumentation": {
      "version": "0.220.0",
      "resolved": "https://registry.npmjs.org/@opentelemetry/instrumentation/-/instrumentation-0.220.0.tgz",
      "integrity": "sha512-xQx3E2WxP1mDvKzxLxX+CTCtNLa560YJZ3087qYHerl2YmiKpv7AH+dAy7vmx+eVrZ5BwhfWUAVoKOoxCNHcpw==",
      "license": "Apache-2.0",
      "dependencies": {
        "@opentelemetry/api-logs": "0.220.0",
        "import-in-the-middle": "^3.0.0",
        "require-in-the-middle": "^8.0.0"
      },
      "engines": {
        "node": "^18.19.0 || >=20.6.0"
      },
      "peerDependencies": {
        "@opentelemetry/api": "^1.3.0"
      }
    },
    "node_modules/@opentelemetry/resources": {
      "version": "2.11.0",
      "resolved": "https://registry.npmjs.org/@opentelemetry/resources/-/resources-2.11.0.tgz",
      "integrity": "sha512-Ie7+8q8MDF4FAEQCKVMTx3ReUvxiIAgIiiW3c9JdmP8+HMcDy20puT+AHjexnExgnbvBxjQ9fjkFDWrikJ2jQA==",
      "license": "Apache-2.0",
      "dependencies": {
        "@opentelemetry/core": "2.11.0",
        "@opentelemetry/semantic-conventions": "^1.29.0"
      },
      "engines": {
        "node": "^18.19.0 || >=20.6.0"
      },
      "peerDependencies": {
        "@opentelemetry/api": ">=1.3.0 <1.10.0"
      }
    },
    "node_modules/@opentelemetry/sdk-trace": {
      "version": "2.11.0",
      "resolved": "https://registry.npmjs.org/@opentelemetry/sdk-trace/-/sdk-trace-2.11.0.tgz",
      "integrity": "sha512-fFnTqGm8/G73GQVnxYi7LXa1ZVYEUvgL6XI1LpvV0bPC7WQ/ZGgKxCSl8FnlZBKto9JHHEFTO6s6CUpvvtwFrA==",
      "license": "Apache-2.0",
      "dependencies": {
        "@opentelemetry/core": "2.11.0",
        "@opentelemetry/resources": "2.11.0",
        "@opentelemetry/semantic-conventions": "^1.29.0"
      },
      "engines": {
        "node": "^18.19.0 || >=20.6.0"
      },
      "peerDependencies": {
        "@opentelemetry/api": ">=1.3.0 <1.10.0"
      }
    },
    "node_modules/@opentelemetry/sdk-trace-base": {
      "version": "2.11.0",
      "resolved": "https://registry.npmjs.org/@opentelemetry/sdk-trace-base/-/sdk-trace-base-2.11.0.tgz",
      "integrity": "sha512-H19x/TX/LZdqiYOjM7fqtSxwlplC5pgelavqbQdHbhdq0q/AI/TGkM2dfGuuynTXmJPeF2HoZVoPDu+TGoW78A==",
      "license": "Apache-2.0",
      "dependencies": {
        "@opentelemetry/core": "2.11.0",
        "@opentelemetry/resources": "2.11.0",
        "@opentelemetry/sdk-trace": "2.11.0",
        "@opentelemetry/semantic-conventions": "^1.29.0"
      },
      "engines": {
        "node": "^18.19.0 || >=20.6.0"
      },
      "peerDependencies": {
        "@opentelemetry/api": ">=1.3.0 <1.10.0"
      }
    },
    "node_modules/@opentelemetry/semantic-conventions": {
      "version": "1.43.0",
      "resolved": "https://registry.npmjs.org/@opentelemetry/semantic-conventions/-/semantic-conventions-1.43.0.tgz",
      "integrity": "sha512-eSYWTm620tTk45EKSedaUL8MFYI8hW164hIXsgIHyxu3VobUB3fFCu5t0hQby6OoWRPsG1KkKUG2M5UadiLiVg==",
      "license": "Apache-2.0",
      "engines": {
        "node": ">=14"
      }
    },
    "node_modules/@sentry/browser": {
      "version": "10.74.0",
      "resolved": "https://registry.npmjs.org/@sentry/browser/-/browser-10.74.0.tgz",
      "integrity": "sha512-U6Zn+YcAgnR7bXZmpjMxivptPSsOeDKV+SlSqbJZqViOaCcZSG/vJiQr50UrdTccCwiU1LnwuOOoclJOvW+cLQ==",
      "license": "MIT",
      "dependencies": {
        "@sentry/browser-utils": "10.74.0",
        "@sentry/conventions": "^0.16.0",
        "@sentry/core": "10.74.0",
        "@sentry/feedback": "10.74.0",
        "@sentry/replay": "10.74.0",
        "@sentry/replay-canvas": "10.74.0"
      },
      "engines": {
        "node": ">=18"
      }
    },
    "node_modules/@sentry/browser-utils": {
      "version": "10.74.0",
      "resolved": "https://registry.npmjs.org/@sentry/browser-utils/-/browser-utils-10.74.0.tgz",
      "integrity": "sha512-/Rh3WH4i2nStdOqHpaWocbpSMFPjKhlxKQgp9vkJBSolqjJzXlIpLYXOrldZHHZLG1iDoX3PFBQkNDYcPXCg0A==",
      "license": "MIT",
      "dependencies": {
        "@sentry/conventions": "^0.16.0",
        "@sentry/core": "10.74.0"
      },
      "engines": {
        "node": ">=18"
      }
    },
    "node_modules/@sentry/cli": {
      "version": "2.58.6",
      "resolved": "https://registry.npmjs.org/@sentry/cli/-/cli-2.58.6.tgz",
      "integrity": "sha512-baBcNPLLfUi9WuL+Tpri9BFaAdvugZIKelC5X0tt0Zdy+K0K+PCVSrnNmwMWU/HyaF/SEv6b6UHnXIdqanBlcg==",
      "dev": true,
      "hasInstallScript": true,
      "license": "FSL-1.1-MIT",
      "dependencies": {
        "https-proxy-agent": "^5.0.0",
        "node-fetch": "^2.6.7",
        "progress": "^2.0.3",
        "proxy-from-env": "^1.1.0",
        "which": "^2.0.2"
      },
      "bin": {
        "sentry-cli": "bin/sentry-cli"
      },
      "engines": {
        "node": ">= 10"
      },
      "optionalDependencies": {
        "@sentry/cli-darwin": "2.58.6",
        "@sentry/cli-linux-arm": "2.58.6",
        "@sentry/cli-linux-arm64": "2.58.6",
        "@sentry/cli-linux-i686": "2.58.6",
        "@sentry/cli-linux-x64": "2.58.6",
        "@sentry/cli-win32-arm64": "2.58.6",
        "@sentry/cli-win32-i686": "2.58.6",
        "@sentry/cli-win32-x64": "2.58.6"
      }
    },
    "node_modules/@sentry/cli-darwin": {
      "version": "2.58.6",
      "resolved": "https://registry.npmjs.org/@sentry/cli-darwin/-/cli-darwin-2.58.6.tgz",
      "integrity": "sha512-udAVvcyfNa0R+95GvPz/+43/N3TC0TYKdkQ7D7jhPSzbcMc7l2fxRNN5yB3UpCA5fWFnW4toeaqwDBhb/Wh3LA==",
      "dev": true,
      "license": "FSL-1.1-MIT",
      "optional": true,
      "os": [
        "darwin"
      ],
      "engines": {
        "node": ">=10"
      }
    },
    "node_modules/@sentry/cli-linux-arm": {
      "version": "2.58.6",
      "resolved": "https://registry.npmjs.org/@sentry/cli-linux-arm/-/cli-linux-arm-2.58.6.tgz",
      "integrity": "sha512-pD0LAt5PcUzAinBwvDqc66x9+2CabHEv486yP0gRjWO7SakbaxmfVq/EXd8VLq/Tzi39LAu422UYK1lpW3MILw==",
      "cpu": [
        "arm"
      ],
      "dev": true,
      "license": "FSL-1.1-MIT",
      "optional": true,
      "os": [
        "linux",
        "freebsd",
        "android"
      ],
      "engines": {
        "node": ">=10"
      }
    },
    "node_modules/@sentry/cli-linux-arm64": {
      "version": "2.58.6",
      "resolved": "https://registry.npmjs.org/@sentry/cli-linux-arm64/-/cli-linux-arm64-2.58.6.tgz",
      "integrity": "sha512-q8mEcNNmeXMy5i+jWT30TVpH7LcP4HD21CD5XRSPAd/a912HF6EpK0ybf/1USO14WOhoXbAGi9txwaWabSe33g==",
      "cpu": [
        "arm64"
      ],
      "dev": true,
      "license": "FSL-1.1-MIT",
      "optional": true,
      "os": [
        "linux",
        "freebsd",
        "android"
      ],
      "engines": {
        "node": ">=10"
      }
    },
    "node_modules/@sentry/cli-linux-i686": {
      "version": "2.58.6",
      "resolved": "https://registry.npmjs.org/@sentry/cli-linux-i686/-/cli-linux-i686-2.58.6.tgz",
      "integrity": "sha512-q8vNJi1eOV/4vxAFWBsEwLHoSYapaZHIf4j76KJGJXFKTkEbsjCOOsKbwUIBTQQhRgV4DFWh3ryfsPS/que4Kg==",
      "cpu": [
        "x86",
        "ia32"
      ],
      "dev": true,
      "license": "FSL-1.1-MIT",
      "optional": true,
      "os": [
        "linux",
        "freebsd",
        "android"
      ],
      "engines": {
        "node": ">=10"
      }
    },
    "node_modules/@sentry/cli-linux-x64": {
      "version": "2.58.6",
      "resolved": "https://registry.npmjs.org/@sentry/cli-linux-x64/-/cli-linux-x64-2.58.6.tgz",
      "integrity": "sha512-DZu956Mhi3ZRjTBe1WdbGV46ldVbA8d2rgp/fh51GsI25zjBHah4wZnPTSzpc+YqxU6pJpg579B/r3jrIK530Q==",
      "cpu": [
        "x64"
      ],
      "dev": true,
      "license": "FSL-1.1-MIT",
      "optional": true,
      "os": [
        "linux",
        "freebsd",
        "android"
      ],
      "engines": {
        "node": ">=10"
      }
    },
    "node_modules/@sentry/cli-win32-arm64": {
      "version": "2.58.6",
      "resolved": "https://registry.npmjs.org/@sentry/cli-win32-arm64/-/cli-win32-arm64-2.58.6.tgz",
      "integrity": "sha512-nj0Ff/kmAB73EPDhR8B4O9r+NUHK5GkPCkGWC+kXVemqAJWL5jcJ5KdxG0l/S0z6RoEoltID8/43/B+TaMlT7A==",
      "cpu": [
        "arm64"
      ],
      "dev": true,
      "license": "FSL-1.1-MIT",
      "optional": true,
      "os": [
        "win32"
      ],
      "engines": {
        "node": ">=10"
      }
    },
    "node_modules/@sentry/cli-win32-i686": {
      "version": "2.58.6",
      "resolved": "https://registry.npmjs.org/@sentry/cli-win32-i686/-/cli-win32-i686-2.58.6.tgz",
      "integrity": "sha512-WNZiDzPbgsEMQWq4avsQ391v/xWKJDIWWWo9GYl+N/w5qcYKkoDW7wQG7T9FasI6ENn68phChTOAPXXxbfAdOg==",
      "cpu": [
        "x86",
        "ia32"
      ],
      "dev": true,
      "license": "FSL-1.1-MIT",
      "optional": true,
      "os": [
        "win32"
      ],
      "engines": {
        "node": ">=10"
      }
    },
    "node_modules/@sentry/cli-win32-x64": {
      "version": "2.58.6",
      "resolved": "https://registry.npmjs.org/@sentry/cli-win32-x64/-/cli-win32-x64-2.58.6.tgz",
      "integrity": "sha512-R35WJ17oF4D2eqI1DR2sQQqr0fjRTt5xoP16WrTu91XM2lndRMFsnjh+/GttbxapLCBNlrjzia99MJ0PZHZpgA==",
      "cpu": [
        "x64"
      ],
      "dev": true,
      "license": "FSL-1.1-MIT",
      "optional": true,
      "os": [
        "win32"
      ],
      "engines": {
        "node": ">=10"
      }
    },
    "node_modules/@sentry/conventions": {
      "version": "0.16.0",
      "resolved": "https://registry.npmjs.org/@sentry/conventions/-/conventions-0.16.0.tgz",
      "integrity": "sha512-fO9PLmHdVURcSPUpWCItWAtgKiMwGdJHbovoSEyLplX5sxs2ugvI4CBPTrkkgqhObnZOD0CnWBKDzSVQYBKEyQ==",
      "license": "MIT",
      "engines": {
        "node": ">=14"
      }
    },
    "node_modules/@sentry/core": {
      "version": "10.74.0",
      "resolved": "https://registry.npmjs.org/@sentry/core/-/core-10.74.0.tgz",
      "integrity": "sha512-u9rY8vcZfktccwm6LznfCZlqP5C9A+p76r4/pFS1grqpuTO0m21Cl8rosnlESrDGP/Xd9tfr91rWYk0jPH8jeQ==",
      "license": "MIT",
      "dependencies": {
        "@sentry/conventions": "^0.16.0"
      },
      "engines": {
        "node": ">=18"
      }
    },
    "node_modules/@sentry/feedback": {
      "version": "10.74.0",
      "resolved": "https://registry.npmjs.org/@sentry/feedback/-/feedback-10.74.0.tgz",
      "integrity": "sha512-WwUao9K2XgRIxTUTaBhm7aglhsyP7LQTGi2lxvFbXzlSagUzwew/EL2c5oqQ23Mjn94i5SY+rM4wMdgyWdtpAw==",
      "license": "MIT",
      "dependencies": {
        "@sentry/core": "10.74.0"
      },
      "engines": {
        "node": ">=18"
      }
    },
    "node_modules/@sentry/node": {
      "version": "10.74.0",
      "resolved": "https://registry.npmjs.org/@sentry/node/-/node-10.74.0.tgz",
      "integrity": "sha512-u1wsarTOWHn9CCev81Da5T4IQHZgdcosXRfX2+4DMII/lVJMBYesKixTQuMwXexjVG2+pkf16zTmgjZDa+75jA==",
      "license": "MIT",
      "dependencies": {
        "@opentelemetry/api": "^1.9.1",
        "@opentelemetry/instrumentation": "^0.220.0",
        "@opentelemetry/sdk-trace-base": "^2.9.0",
        "@sentry/conventions": "^0.16.0",
        "@sentry/core": "10.74.0",
        "@sentry/node-core": "10.74.0",
        "@sentry/opentelemetry": "10.74.0",
        "@sentry/server-utils": "10.74.0",
        "import-in-the-middle": "^3.0.0"
      },
      "engines": {
        "node": ">=18"
      }
    },
    "node_modules/@sentry/node-core": {
      "version": "10.74.0",
      "resolved": "https://registry.npmjs.org/@sentry/node-core/-/node-core-10.74.0.tgz",
      "integrity": "sha512-btgZXcGmkOGgojbxHo/gfGiyqYpzC9E8zVR78Q3MtM6Xnemk9gwJiQlhNmEX/FM+C36WBRPZrdcZcnMaJhbfJw==",
      "license": "MIT",
      "dependencies": {
        "@sentry/conventions": "^0.16.0",
        "@sentry/core": "10.74.0",
        "@sentry/opentelemetry": "10.74.0",
        "import-in-the-middle": "^3.0.0"
      },
      "engines": {
        "node": ">=18"
      },
      "peerDependencies": {
        "@opentelemetry/api": "^1.9.0",
        "@opentelemetry/core": "^1.30.1 || ^2.1.0",
        "@opentelemetry/exporter-trace-otlp-http": ">=0.57.0 <1",
        "@opentelemetry/instrumentation": ">=0.57.1 <1",
        "@opentelemetry/sdk-trace-base": "^1.30.1 || ^2.1.0"
      },
      "peerDependenciesMeta": {
        "@opentelemetry/api": {
          "optional": true
        },
        "@opentelemetry/core": {
          "optional": true
        },
        "@opentelemetry/exporter-trace-otlp-http": {
          "optional": true
        },
        "@opentelemetry/instrumentation": {
          "optional": true
        },
        "@opentelemetry/sdk-trace-base": {
          "optional": true
        }
      }
    },
    "node_modules/@sentry/opentelemetry": {
      "version": "10.74.0",
      "resolved": "https://registry.npmjs.org/@sentry/opentelemetry/-/opentelemetry-10.74.0.tgz",
      "integrity": "sha512-ua5mt0NDBfye+/ACKjAw9Ad2i+y42lOLvhxXZepZXjszblMz80MEsIZflMB7uLZUCTNH7MbZN8tlzCy8KsJKmQ==",
      "license": "MIT",
      "dependencies": {
        "@sentry/conventions": "^0.16.0",
        "@sentry/core": "10.74.0"
      },
      "engines": {
        "node": ">=18"
      },
      "peerDependencies": {
        "@opentelemetry/api": "^1.9.0",
        "@opentelemetry/core": "^1.30.1 || ^2.1.0",
        "@opentelemetry/sdk-trace-base": "^1.30.1 || ^2.1.0"
      }
    },
    "node_modules/@sentry/replay": {
      "version": "10.74.0",
      "resolved": "https://registry.npmjs.org/@sentry/replay/-/replay-10.74.0.tgz",
      "integrity": "sha512-amIu0zKzhQJZoWmlwfFnn/uKRGyF+Tikph3lBgYwj5XbHv4U94PQXi9Ll8CYzzLVS7BkrCVc2Hl7RvpRg5M2Yg==",
      "license": "MIT",
      "dependencies": {
        "@sentry/browser-utils": "10.74.0",
        "@sentry/core": "10.74.0"
      },
      "engines": {
        "node": ">=18"
      }
    },
    "node_modules/@sentry/replay-canvas": {
      "version": "10.74.0",
      "resolved": "https://registry.npmjs.org/@sentry/replay-canvas/-/replay-canvas-10.74.0.tgz",
      "integrity": "sha512-HAdu4ViRsuOD5ifphQR24HugL0geZXV8LnGQVkA8vlzZWiuYgGNqDRoUWI75IgVcCYLYSaVBoKN+jTimdzG/sQ==",
      "license": "MIT",
      "dependencies": {
        "@sentry/core": "10.74.0",
        "@sentry/replay": "10.74.0"
      },
      "engines": {
        "node": ">=18"
      }
    },
    "node_modules/@sentry/server-utils": {
      "version": "10.74.0",
      "resolved": "https://registry.npmjs.org/@sentry/server-utils/-/server-utils-10.74.0.tgz",
      "integrity": "sha512-AHmPIGE8yVRyywpZRhAkm/H0cHTgsQSPhFZFbaeQLcYHFE/eOP9bAMh8Nj/Apr7WMagFXYHd04tR/63BxtLgKw==",
      "license": "MIT",
      "dependencies": {
        "@sentry/conventions": "^0.16.0",
        "@sentry/core": "10.74.0"
      },
      "engines": {
        "node": ">=18"
      }
    },
    "node_modules/@zeus/observability": {
      "version": "0.1.6",
      "resolved": "file:vendor/zeus-observability-0.1.6.tgz",
      "integrity": "sha512-+GG8rzC00NXHRkAOIR5VFdxgwitLyqQTCC/XSeiOrv2w3R3wCvsKIcAbjOVX+tPyfnV+XsoU6nU+Flqb0CBGDA==",
      "peerDependencies": {
        "@sentry/browser": "10.74.0",
        "@sentry/node": "10.74.0"
      },
      "peerDependenciesMeta": {
        "@sentry/browser": {
          "optional": true
        },
        "@sentry/node": {
          "optional": true
        }
      }
    },
    "node_modules/agent-base": {
      "version": "6.0.2",
      "resolved": "https://registry.npmjs.org/agent-base/-/agent-base-6.0.2.tgz",
      "integrity": "sha512-RZNwNclF7+MS/8bDg70amg32dyeZGZxiDuQmZxKLAlQjr3jGyLx+4Kkk58UO7D2QdgFIQCovuSuZESne6RG6XQ==",
      "dev": true,
      "license": "MIT",
      "dependencies": {
        "debug": "4"
      },
      "engines": {
        "node": ">= 6.0.0"
      }
    },
    "node_modules/cjs-module-lexer": {
      "version": "2.2.1",
      "resolved": "https://registry.npmjs.org/cjs-module-lexer/-/cjs-module-lexer-2.2.1.tgz",
      "integrity": "sha512-Ca8swihM+/4yKecYHY52kgJd300hi2lADU/a1RxNTRe+RJ9jvqQlESpbz9DnG9mowez8qwXHB8qYdIUw9e+F5Q==",
      "license": "MIT"
    },
    "node_modules/debug": {
      "version": "4.4.3",
      "resolved": "https://registry.npmjs.org/debug/-/debug-4.4.3.tgz",
      "integrity": "sha512-RGwwWnwQvkVfavKVt22FGLw+xYSdzARwm0ru6DhTVA3umU5hZc28V3kO4stgYryrTlLpuvgI9GiijltAjNbcqA==",
      "license": "MIT",
      "dependencies": {
        "ms": "^2.1.3"
      },
      "engines": {
        "node": ">=6.0"
      },
      "peerDependenciesMeta": {
        "supports-color": {
          "optional": true
        }
      }
    },
    "node_modules/es-module-lexer": {
      "version": "3.0.2",
      "resolved": "https://registry.npmjs.org/es-module-lexer/-/es-module-lexer-3.0.2.tgz",
      "integrity": "sha512-BuIB67FngDSyQ/dpQNOZybwdEBDUGJQvOqwWr4ha/ufYiqzuEwPkKO2zLhRAgay28tStRIHUeWmszZAJo3GCOg==",
      "license": "MIT"
    },
    "node_modules/esbuild": {
      "version": "0.28.2",
      "resolved": "https://registry.npmjs.org/esbuild/-/esbuild-0.28.2.tgz",
      "integrity": "sha512-HKVLS8dvII+xoKW9kmqxbRKrnWEXfJJr/FZhhJmiqIB0e053QNYFqOBouTMO/k5sID4MvCiUCvv8b9M4h32wIA==",
      "dev": true,
      "hasInstallScript": true,
      "license": "MIT",
      "bin": {
        "esbuild": "bin/esbuild"
      },
      "engines": {
        "node": ">=18"
      },
      "optionalDependencies": {
        "@esbuild/aix-ppc64": "0.28.2",
        "@esbuild/android-arm": "0.28.2",
        "@esbuild/android-arm64": "0.28.2",
        "@esbuild/android-x64": "0.28.2",
        "@esbuild/darwin-arm64": "0.28.2",
        "@esbuild/darwin-x64": "0.28.2",
        "@esbuild/freebsd-arm64": "0.28.2",
        "@esbuild/freebsd-x64": "0.28.2",
        "@esbuild/linux-arm": "0.28.2",
        "@esbuild/linux-arm64": "0.28.2",
        "@esbuild/linux-ia32": "0.28.2",
        "@esbuild/linux-loong64": "0.28.2",
        "@esbuild/linux-mips64el": "0.28.2",
        "@esbuild/linux-ppc64": "0.28.2",
        "@esbuild/linux-riscv64": "0.28.2",
        "@esbuild/linux-s390x": "0.28.2",
        "@esbuild/linux-x64": "0.28.2",
        "@esbuild/netbsd-arm64": "0.28.2",
        "@esbuild/netbsd-x64": "0.28.2",
        "@esbuild/openbsd-arm64": "0.28.2",
        "@esbuild/openbsd-x64": "0.28.2",
        "@esbuild/openharmony-arm64": "0.28.2",
        "@esbuild/sunos-x64": "0.28.2",
        "@esbuild/win32-arm64": "0.28.2",
        "@esbuild/win32-ia32": "0.28.2",
        "@esbuild/win32-x64": "0.28.2"
      }
    },
    "node_modules/fsevents": {
      "version": "2.3.2",
      "resolved": "https://registry.npmjs.org/fsevents/-/fsevents-2.3.2.tgz",
      "integrity": "sha512-xiqMQR4xAeHTuB9uWm+fFRcIOgKBMiOBP+eXiyT7jsgVCq1bkVygt00oASowB7EdtpOHaaPgKt812P9ab+DDKA==",
      "dev": true,
      "hasInstallScript": true,
      "license": "MIT",
      "optional": true,
      "os": [
        "darwin"
      ],
      "engines": {
        "node": "^8.16.0 || ^10.6.0 || >=11.0.0"
      }
    },
    "node_modules/https-proxy-agent": {
      "version": "5.0.1",
      "resolved": "https://registry.npmjs.org/https-proxy-agent/-/https-proxy-agent-5.0.1.tgz",
      "integrity": "sha512-dFcAjpTQFgoLMzC2VwU+C/CbS7uRL0lWmxDITmqm7C+7F0Odmj6s9l6alZc6AELXhrnggM2CeWSXHGOdX2YtwA==",
      "dev": true,
      "license": "MIT",
      "dependencies": {
        "agent-base": "6",
        "debug": "4"
      },
      "engines": {
        "node": ">= 6"
      }
    },
    "node_modules/import-in-the-middle": {
      "version": "3.5.0",
      "resolved": "https://registry.npmjs.org/import-in-the-middle/-/import-in-the-middle-3.5.0.tgz",
      "integrity": "sha512-O6wo8l0lhBuytKz3x8S65TvacFtoopji+gCVeEBbjCaRy75gkk4bCBQoVmY7OEZ63cbFK+yf77pDCTWaadV7hQ==",
      "license": "Apache-2.0",
      "dependencies": {
        "cjs-module-lexer": "^2.2.0",
        "es-module-lexer": "^3.0.2",
        "module-details-from-path": "^1.0.4"
      },
      "engines": {
        "node": ">=18"
      }
    },
    "node_modules/isexe": {
      "version": "2.0.0",
      "resolved": "https://registry.npmjs.org/isexe/-/isexe-2.0.0.tgz",
      "integrity": "sha512-RHxMLp9lnKHGHRng9QFhRCMbYAcVpn69smSGcq3f36xjgVVWThj4qqLbTLlq7Ssj8B+fIQ1EuCEGI2lKsyQeIw==",
      "dev": true,
      "license": "ISC"
    },
    "node_modules/module-details-from-path": {
      "version": "1.0.4",
      "resolved": "https://registry.npmjs.org/module-details-from-path/-/module-details-from-path-1.0.4.tgz",
      "integrity": "sha512-EGWKgxALGMgzvxYF1UyGTy0HXX/2vHLkw6+NvDKW2jypWbHpjQuj4UMcqQWXHERJhVGKikolT06G3bcKe4fi7w==",
      "license": "MIT"
    },
    "node_modules/ms": {
      "version": "2.1.3",
      "resolved": "https://registry.npmjs.org/ms/-/ms-2.1.3.tgz",
      "integrity": "sha512-6FlzubTLZG3J2a/NVCAleEhjzq5oxgHyaCU9yYXvcLsvoVaHJq/s5xXI6/XXP6tz7R9xAOtHnSO/tXtF3WRTlA==",
      "license": "MIT"
    },
    "node_modules/node-fetch": {
      "version": "2.7.0",
      "resolved": "https://registry.npmjs.org/node-fetch/-/node-fetch-2.7.0.tgz",
      "integrity": "sha512-c4FRfUm/dbcWZ7U+1Wq0AwCyFL+3nt2bEw05wfxSz+DWpWsitgmSgYmy2dQdWyKC1694ELPqMs/YzUSNozLt8A==",
      "dev": true,
      "license": "MIT",
      "dependencies": {
        "whatwg-url": "^5.0.0"
      },
      "engines": {
        "node": "4.x || >=6.0.0"
      },
      "peerDependencies": {
        "encoding": "^0.1.0"
      },
      "peerDependenciesMeta": {
        "encoding": {
          "optional": true
        }
      }
    },
    "node_modules/playwright": {
      "version": "1.62.1",
      "resolved": "https://registry.npmjs.org/playwright/-/playwright-1.62.1.tgz",
      "integrity": "sha512-0M+L3LAD8/nm554LOla9Ayx0j0tmFZ0FBcoQ7F1VuVHpM/XpiC8RcDzBQB8W5+hA8L22THxELzeF+2WcUzvcLg==",
      "dev": true,
      "license": "Apache-2.0",
      "dependencies": {
        "playwright-core": "1.62.1"
      },
      "bin": {
        "playwright": "cli.js"
      },
      "engines": {
        "node": ">=20"
      },
      "optionalDependencies": {
        "fsevents": "2.3.2"
      }
    },
    "node_modules/playwright-core": {
      "version": "1.62.1",
      "resolved": "https://registry.npmjs.org/playwright-core/-/playwright-core-1.62.1.tgz",
      "integrity": "sha512-wPYSwEBJY9GHraISXqyqtx0na0LpO3XEX7jNDhntbex7tzUS7kLnZsOlFruFJB4Hi/rhDMjXGqHewDZ68nYZVw==",
      "dev": true,
      "license": "Apache-2.0",
      "bin": {
        "playwright-core": "cli.js"
      },
      "engines": {
        "node": ">=20"
      }
    },
    "node_modules/progress": {
      "version": "2.0.3",
      "resolved": "https://registry.npmjs.org/progress/-/progress-2.0.3.tgz",
      "integrity": "sha512-7PiHtLll5LdnKIMw100I+8xJXR5gW2QwWYkT6iJva0bXitZKa/XMrSbdmg3r2Xnaidz9Qumd0VPaMrZlF9V9sA==",
      "dev": true,
      "license": "MIT",
      "engines": {
        "node": ">=0.4.0"
      }
    },
    "node_modules/proxy-from-env": {
      "version": "1.1.0",
      "resolved": "https://registry.npmjs.org/proxy-from-env/-/proxy-from-env-1.1.0.tgz",
      "integrity": "sha512-D+zkORCbA9f1tdWRK0RaCR3GPv50cMxcrz4X8k5LTSUD1Dkw47mKJEZQNunItRTkWwgtaUSo1RVFRIG9ZXiFYg==",
      "dev": true,
      "license": "MIT"
    },
    "node_modules/require-in-the-middle": {
      "version": "8.0.1",
      "resolved": "https://registry.npmjs.org/require-in-the-middle/-/require-in-the-middle-8.0.1.tgz",
      "integrity": "sha512-QT7FVMXfWOYFbeRBF6nu+I6tr2Tf3u0q8RIEjNob/heKY/nh7drD/k7eeMFmSQgnTtCzLDcCu/XEnpW2wk4xCQ==",
      "license": "MIT",
      "dependencies": {
        "debug": "^4.3.5",
        "module-details-from-path": "^1.0.3"
      },
      "engines": {
        "node": ">=9.3.0 || >=8.10.0 <9.0.0"
      }
    },
    "node_modules/tr46": {
      "version": "0.0.3",
      "resolved": "https://registry.npmjs.org/tr46/-/tr46-0.0.3.tgz",
      "integrity": "sha512-N3WMsuqV66lT30CrXNbEjx4GEwlow3v6rr4mCcv6prnfwhS01rkgyFdjPNBYd9br7LpXV1+Emh01fHnq2Gdgrw==",
      "dev": true,
      "license": "MIT"
    },
    "node_modules/webidl-conversions": {
      "version": "3.0.1",
      "resolved": "https://registry.npmjs.org/webidl-conversions/-/webidl-conversions-3.0.1.tgz",
      "integrity": "sha512-2JAn3z8AR6rjK8Sm8orRC0h/bcl/DqL7tRPdGZ4I1CjdF+EaMLmYxBHyXuKL849eucPFhvBoxMsflfOb8kxaeQ==",
      "dev": true,
      "license": "BSD-2-Clause"
    },
    "node_modules/whatwg-url": {
      "version": "5.0.0",
      "resolved": "https://registry.npmjs.org/whatwg-url/-/whatwg-url-5.0.0.tgz",
      "integrity": "sha512-saE57nupxk6v3HY35+jzBwYa0rKSy0XR8JSxZPwgLr7ys0IBzhGviA1/TUGJLmSVqs8pb9AnvICXEuOHLprYTw==",
      "dev": true,
      "license": "MIT",
      "dependencies": {
        "tr46": "~0.0.3",
        "webidl-conversions": "^3.0.0"
      }
    },
    "node_modules/which": {
      "version": "2.0.2",
      "resolved": "https://registry.npmjs.org/which/-/which-2.0.2.tgz",
      "integrity": "sha512-BLI3Tl1TW3Pvl70l3yq3Y64i+awpwXqsGBYWkkqMtnbXgrMD+yj7rhW0kuEDxzJaYXGjEW5ogapKNMEKNMjibA==",
      "dev": true,
      "license": "ISC",
      "dependencies": {
        "isexe": "^2.0.0"
      },
      "bin": {
        "node-which": "bin/node-which"
      },
      "engines": {
        "node": ">= 8"
      }
    }
  }
}
